
Microsoft Visual Studio Solution File, Format Version 12.00
# Visual Studio Version 16
VisualStudioVersion = 16.0.30907.101
MinimumVisualStudioVersion = 10.0.40219.1
Project("{FAE04EC0-301F-11D3-BF4B-00C04F79EFBC}") = "AlgoritmLesson1", "AlgoritmLesson1\AlgoritmLesson1.csproj", "{4B7F250C-B1B7-44C0-85F2-F84F727B6FD9}"
EndProject
Global
	GlobalSection(SolutionConfigurationPlatforms) = preSolution
		Debug|Any CPU = Debug|Any CPU
		Release|Any CPU = Release|Any CPU
	EndGlobalSection
	GlobalSection(ProjectConfigurationPlatforms) = postSolution
		{4B7F250C-B1B7-44C0-85F2-F84F727B6FD9}.Debug|Any CPU.ActiveCfg = Debug|Any CPU
		{4B7F250C-B1B7-44C0-85F2-F84F727B6FD9}.Debug|Any CPU.Build.0 = Debug|Any CPU
		{4B7F250C-B1B7-44C0-85F2-F84F727B6FD9}.Release|Any CPU.ActiveCfg = Release|Any CPU
		{4B7F250C-B1B7-44C0-85F2-F84F727B6FD9}.Release|Any CPU.Build.0 = Release|Any CPU
	EndGlobalSection
	GlobalSection(SolutionProperties) = preSolution
		HideSolutionNode = FALSE
	EndGlobalSection
	GlobalSection(ExtensibilityGlobals) = postSolution
		SolutionGuid = {5D6B1B0D-AB4F-43AE-BE8A-C605D33E7131}
	EndGlobalSection
EndGlobal
